
Microsoft Visual Studio Solution File, Format Version 12.00
# Visual Studio Version 17
VisualStudioVersion = 17.6.33617.297
MinimumVisualStudioVersion = 10.0.40219.1
Project("{9A19103F-16F7-4668-BE54-9A1E7A4F7556}") = "amiliur.annotations", "src\amiliur.annotations\amiliur.annotations.csproj", "{0A3D8AFA-622B-43DC-A3B2-778EE3FD7D6C}"
EndProject
Project("{9A19103F-16F7-4668-BE54-9A1E7A4F7556}") = "tests.amiliur.annotations", "tests\tests.amiliur.annotations\tests.amiliur.annotations.csproj", "{301C10D8-9F5E-4F96-A993-5C6AA7A10B42}"
EndProject
Global
	GlobalSection(SolutionConfigurationPlatforms) = preSolution
		Debug|Any CPU = Debug|Any CPU
		Release|Any CPU = Release|Any CPU
	EndGlobalSection
	GlobalSection(ProjectConfigurationPlatforms) = postSolution
		{0A3D8AFA-622B-43DC-A3B2-778EE3FD7D6C}.Debug|Any CPU.ActiveCfg = Debug|Any CPU
		{0A3D8AFA-622B-43DC-A3B2-778EE3FD7D6C}.Debug|Any CPU.Build.0 = Debug|Any CPU
		{0A3D8AFA-622B-43DC-A3B2-778EE3FD7D6C}.Release|Any CPU.ActiveCfg = Release|Any CPU
		{0A3D8AFA-622B-43DC-A3B2-778EE3FD7D6C}.Release|Any CPU.Build.0 = Release|Any CPU
		{301C10D8-9F5E-4F96-A993-5C6AA7A10B42}.Debug|Any CPU.ActiveCfg = Debug|Any CPU
		{301C10D8-9F5E-4F96-A993-5C6AA7A10B42}.Debug|Any CPU.Build.0 = Debug|Any CPU
		{301C10D8-9F5E-4F96-A993-5C6AA7A10B42}.Release|Any CPU.ActiveCfg = Release|Any CPU
		{301C10D8-9F5E-4F96-A993-5C6AA7A10B42}.Release|Any CPU.Build.0 = Release|Any CPU
	EndGlobalSection
	GlobalSection(SolutionProperties) = preSolution
		HideSolutionNode = FALSE
	EndGlobalSection
	GlobalSection(ExtensibilityGlobals) = postSolution
		SolutionGuid = {DA3759B2-3ED5-4F46-992F-4BB43FA3D0FF}
	EndGlobalSection
EndGlobal
